
Microsoft Visual Studio Solution File, Format Version 12.00
# Visual Studio for Mac
Project("{FAE04EC0-301F-11D3-BF4B-00C04F79EFBC}") = "Assembly-CSharp", "Assembly-CSharp.csproj", "{89010D85-CFB5-98EB-01FA-CEB7F8DB5042}"
EndProject
Project("{FAE04EC0-301F-11D3-BF4B-00C04F79EFBC}") = "Assembly-CSharp-Editor", "Assembly-CSharp-Editor.csproj", "{6FAD132D-7957-78E6-8532-10E48FF9B1F7}"
EndProject
Global
	GlobalSection(SolutionConfigurationPlatforms) = preSolution
		Debug|Any CPU = Debug|Any CPU
		Release|Any CPU = Release|Any CPU
	EndGlobalSection
	GlobalSection(ProjectConfigurationPlatforms) = postSolution
		{89010D85-CFB5-98EB-01FA-CEB7F8DB5042}.Debug|Any CPU.ActiveCfg = Debug|Any CPU
		{89010D85-CFB5-98EB-01FA-CEB7F8DB5042}.Debug|Any CPU.Build.0 = Debug|Any CPU
		{89010D85-CFB5-98EB-01FA-CEB7F8DB5042}.Release|Any CPU.ActiveCfg = Release|Any CPU
		{89010D85-CFB5-98EB-01FA-CEB7F8DB5042}.Release|Any CPU.Build.0 = Release|Any CPU
		{6FAD132D-7957-78E6-8532-10E48FF9B1F7}.Debug|Any CPU.ActiveCfg = Debug|Any CPU
		{6FAD132D-7957-78E6-8532-10E48FF9B1F7}.Debug|Any CPU.Build.0 = Debug|Any CPU
		{6FAD132D-7957-78E6-8532-10E48FF9B1F7}.Release|Any CPU.ActiveCfg = Release|Any CPU
		{6FAD132D-7957-78E6-8532-10E48FF9B1F7}.Release|Any CPU.Build.0 = Release|Any CPU
	EndGlobalSection
	GlobalSection(SolutionProperties) = preSolution
		HideSolutionNode = FALSE
	EndGlobalSection
EndGlobal
